
Microsoft Visual Studio Solution File, Format Version 12.00
# Visual Studio Version 16
VisualStudioVersion = 16.0.32228.343
MinimumVisualStudioVersion = 10.0.40219.1
Project("{FAE04EC0-301F-11D3-BF4B-00C04F79EFBC}") = "SnakeGameFramework", "SnakeGameFramework\SnakeGameFramework.csproj", "{78BAD0E1-6312-4115-8D88-02A120C867B2}"
EndProject
Global
	GlobalSection(SolutionConfigurationPlatforms) = preSolution
		Debug|Any CPU = Debug|Any CPU
		Release|Any CPU = Release|Any CPU
	EndGlobalSection
	GlobalSection(ProjectConfigurationPlatforms) = postSolution
		{78BAD0E1-6312-4115-8D88-02A120C867B2}.Debug|Any CPU.ActiveCfg = Debug|Any CPU
		{78BAD0E1-6312-4115-8D88-02A120C867B2}.Debug|Any CPU.Build.0 = Debug|Any CPU
		{78BAD0E1-6312-4115-8D88-02A120C867B2}.Release|Any CPU.ActiveCfg = Release|Any CPU
		{78BAD0E1-6312-4115-8D88-02A120C867B2}.Release|Any CPU.Build.0 = Release|Any CPU
	EndGlobalSection
	GlobalSection(SolutionProperties) = preSolution
		HideSolutionNode = FALSE
	EndGlobalSection
	GlobalSection(ExtensibilityGlobals) = postSolution
		SolutionGuid = {B1F54077-79B0-49C1-9775-21C10F0F0AC9}
	EndGlobalSection
EndGlobal
